
Microsoft Visual Studio Solution File, Format Version 12.00
Project("{2150E333-8FDC-42A3-9474-1A3956D46DE8}") = "src", "src", "{827E0CD3-B72D-47B6-A68D-7590B98EB39B}"
EndProject
Project("{FAE04EC0-301F-11D3-BF4B-00C04F79EFBC}") = "Netter.Domain", "src\Netter.Domain\Netter.Domain.csproj", "{C387FFF4-BE44-4EAA-B8A6-B55DF79851F9}"
EndProject
Project("{FAE04EC0-301F-11D3-BF4B-00C04F79EFBC}") = "Netter.Application", "src\Netter.Application\Netter.Application.csproj", "{32B88371-3EC3-443F-8784-21BDB81C8FE2}"
EndProject
Project("{FAE04EC0-301F-11D3-BF4B-00C04F79EFBC}") = "Netter.Infrastructure", "src\Netter.Infrastructure\Netter.Infrastructure.csproj", "{031D9115-3CDD-4BBF-9F58-65E999753F08}"
EndProject
Project("{FAE04EC0-301F-11D3-BF4B-00C04F79EFBC}") = "Netter.WebApi", "src\Netter.WebApi\Netter.WebApi.csproj", "{697B76FF-8844-4453-84C3-5E000600D86F}"
EndProject
Project("{FAE04EC0-301F-11D3-BF4B-00C04F79EFBC}") = "Netter.Contracts", "src\Netter.Contracts\Netter.Contracts.csproj", "{E302A5AB-E4D2-4059-9CC1-C676251124CF}"
EndProject
Project("{2150E333-8FDC-42A3-9474-1A3956D46DE8}") = "tests", "tests", "{0AB3BF05-4346-4AA6-1389-037BE0695223}"
EndProject
Project("{FAE04EC0-301F-11D3-BF4B-00C04F79EFBC}") = "Netter.Domain.Tests", "tests\Netter.Domain.Tests\Netter.Domain.Tests.csproj", "{A17C6110-DEB3-4F46-B127-769E52DBCC97}"
EndProject
Project("{FAE04EC0-301F-11D3-BF4B-00C04F79EFBC}") = "Netter.Application.Tests", "tests\Netter.Application.Tests\Netter.Application.Tests.csproj", "{2B139B71-333E-4FC9-BCFD-9B2CA5D458FE}"
EndProject
Project("{FAE04EC0-301F-11D3-BF4B-00C04F79EFBC}") = "Netter.WebApp", "src\Netter.WebApp\Netter.WebApp.csproj", "{82E8F91E-ECFB-46E2-A88F-D26815924024}"
EndProject
Global
	GlobalSection(SolutionConfigurationPlatforms) = preSolution
		Debug|Any CPU = Debug|Any CPU
		Debug|x64 = Debug|x64
		Debug|x86 = Debug|x86
		Release|Any CPU = Release|Any CPU
		Release|x64 = Release|x64
		Release|x86 = Release|x86
	EndGlobalSection
	GlobalSection(ProjectConfigurationPlatforms) = postSolution
		{C387FFF4-BE44-4EAA-B8A6-B55DF79851F9}.Debug|Any CPU.ActiveCfg = Debug|Any CPU
		{C387FFF4-BE44-4EAA-B8A6-B55DF79851F9}.Debug|Any CPU.Build.0 = Debug|Any CPU
		{C387FFF4-BE44-4EAA-B8A6-B55DF79851F9}.Debug|x64.ActiveCfg = Debug|Any CPU
		{C387FFF4-BE44-4EAA-B8A6-B55DF79851F9}.Debug|x64.Build.0 = Debug|Any CPU
		{C387FFF4-BE44-4EAA-B8A6-B55DF79851F9}.Debug|x86.ActiveCfg = Debug|Any CPU
		{C387FFF4-BE44-4EAA-B8A6-B55DF79851F9}.Debug|x86.Build.0 = Debug|Any CPU
		{C387FFF4-BE44-4EAA-B8A6-B55DF79851F9}.Release|Any CPU.ActiveCfg = Release|Any CPU
		{C387FFF4-BE44-4EAA-B8A6-B55DF79851F9}.Release|Any CPU.Build.0 = Release|Any CPU
		{C387FFF4-BE44-4EAA-B8A6-B55DF79851F9}.Release|x64.ActiveCfg = Release|Any CPU
		{C387FFF4-BE44-4EAA-B8A6-B55DF79851F9}.Release|x64.Build.0 = Release|Any CPU
		{C387FFF4-BE44-4EAA-B8A6-B55DF79851F9}.Release|x86.ActiveCfg = Release|Any CPU
		{C387FFF4-BE44-4EAA-B8A6-B55DF79851F9}.Release|x86.Build.0 = Release|Any CPU
		{32B88371-3EC3-443F-8784-21BDB81C8FE2}.Debug|Any CPU.ActiveCfg = Debug|Any CPU
		{32B88371-3EC3-443F-8784-21BDB81C8FE2}.Debug|Any CPU.Build.0 = Debug|Any CPU
		{32B88371-3EC3-443F-8784-21BDB81C8FE2}.Debug|x64.ActiveCfg = Debug|Any CPU
		{32B88371-3EC3-443F-8784-21BDB81C8FE2}.Debug|x64.Build.0 = Debug|Any CPU
		{32B88371-3EC3-443F-8784-21BDB81C8FE2}.Debug|x86.ActiveCfg = Debug|Any CPU
		{32B88371-3EC3-443F-8784-21BDB81C8FE2}.Debug|x86.Build.0 = Debug|Any CPU
		{32B88371-3EC3-443F-8784-21BDB81C8FE2}.Release|Any CPU.ActiveCfg = Release|Any CPU
		{32B88371-3EC3-443F-8784-21BDB81C8FE2}.Release|Any CPU.Build.0 = Release|Any CPU
		{32B88371-3EC3-443F-8784-21BDB81C8FE2}.Release|x64.ActiveCfg = Release|Any CPU
		{32B88371-3EC3-443F-8784-21BDB81C8FE2}.Release|x64.Build.0 = Release|Any CPU
		{32B88371-3EC3-443F-8784-21BDB81C8FE2}.Release|x86.ActiveCfg = Release|Any CPU
		{32B88371-3EC3-443F-8784-21BDB81C8FE2}.Release|x86.Build.0 = Release|Any CPU
		{031D9115-3CDD-4BBF-9F58-65E999753F08}.Debug|Any CPU.ActiveCfg = Debug|Any CPU
		{031D9115-3CDD-4BBF-9F58-65E999753F08}.Debug|Any CPU.Build.0 = Debug|Any CPU
		{031D9115-3CDD-4BBF-9F58-65E999753F08}.Debug|x64.ActiveCfg = Debug|Any CPU
		{031D9115-3CDD-4BBF-9F58-65E999753F08}.Debug|x64.Build.0 = Debug|Any CPU
		{031D9115-3CDD-4BBF-9F58-65E999753F08}.Debug|x86.ActiveCfg = Debug|Any CPU
		{031D9115-3CDD-4BBF-9F58-65E999753F08}.Debug|x86.Build.0 = Debug|Any CPU
		{031D9115-3CDD-4BBF-9F58-65E999753F08}.Release|Any CPU.ActiveCfg = Release|Any CPU
		{031D9115-3CDD-4BBF-9F58-65E999753F08}.Release|Any CPU.Build.0 = Release|Any CPU
		{031D9115-3CDD-4BBF-9F58-65E999753F08}.Release|x64.ActiveCfg = Release|Any CPU
		{031D9115-3CDD-4BBF-9F58-65E999753F08}.Release|x64.Build.0 = Release|Any CPU
		{031D9115-3CDD-4BBF-9F58-65E999753F08}.Release|x86.ActiveCfg = Release|Any CPU
		{031D9115-3CDD-4BBF-9F58-65E999753F08}.Release|x86.Build.0 = Release|Any CPU
		{697B76FF-8844-4453-84C3-5E000600D86F}.Debug|Any CPU.ActiveCfg = Debug|Any CPU
		{697B76FF-8844-4453-84C3-5E000600D86F}.Debug|Any CPU.Build.0 = Debug|Any CPU
		{697B76FF-8844-4453-84C3-5E000600D86F}.Debug|x64.ActiveCfg = Debug|Any CPU
		{697B76FF-8844-4453-84C3-5E000600D86F}.Debug|x64.Build.0 = Debug|Any CPU
		{697B76FF-8844-4453-84C3-5E000600D86F}.Debug|x86.ActiveCfg = Debug|Any CPU
		{697B76FF-8844-4453-84C3-5E000600D86F}.Debug|x86.Build.0 = Debug|Any CPU
		{697B76FF-8844-4453-84C3-5E000600D86F}.Release|Any CPU.ActiveCfg = Release|Any CPU
		{697B76FF-8844-4453-84C3-5E000600D86F}.Release|Any CPU.Build.0 = Release|Any CPU
		{697B76FF-8844-4453-84C3-5E000600D86F}.Release|x64.ActiveCfg = Release|Any CPU
		{697B76FF-8844-4453-84C3-5E000600D86F}.Release|x64.Build.0 = Release|Any CPU
		{697B76FF-8844-4453-84C3-5E000600D86F}.Release|x86.ActiveCfg = Release|Any CPU
		{697B76FF-8844-4453-84C3-5E000600D86F}.Release|x86.Build.0 = Release|Any CPU
		{E302A5AB-E4D2-4059-9CC1-C676251124CF}.Debug|Any CPU.ActiveCfg = Debug|Any CPU
		{E302A5AB-E4D2-4059-9CC1-C676251124CF}.Debug|Any CPU.Build.0 = Debug|Any CPU
		{E302A5AB-E4D2-4059-9CC1-C676251124CF}.Debug|x64.ActiveCfg = Debug|Any CPU
		{E302A5AB-E4D2-4059-9CC1-C676251124CF}.Debug|x64.Build.0 = Debug|Any CPU
		{E302A5AB-E4D2-4059-9CC1-C676251124CF}.Debug|x86.ActiveCfg = Debug|Any CPU
		{E302A5AB-E4D2-4059-9CC1-C676251124CF}.Debug|x86.Build.0 = Debug|Any CPU
		{E302A5AB-E4D2-4059-9CC1-C676251124CF}.Release|Any CPU.ActiveCfg = Release|Any CPU
		{E302A5AB-E4D2-4059-9CC1-C676251124CF}.Release|Any CPU.Build.0 = Release|Any CPU
		{E302A5AB-E4D2-4059-9CC1-C676251124CF}.Release|x64.ActiveCfg = Release|Any CPU
		{E302A5AB-E4D2-4059-9CC1-C676251124CF}.Release|x64.Build.0 = Release|Any CPU
		{E302A5AB-E4D2-4059-9CC1-C676251124CF}.Release|x86.ActiveCfg = Release|Any CPU
		{E302A5AB-E4D2-4059-9CC1-C676251124CF}.Release|x86.Build.0 = Release|Any CPU
		{A17C6110-DEB3-4F46-B127-769E52DBCC97}.Debug|Any CPU.ActiveCfg = Debug|Any CPU
		{A17C6110-DEB3-4F46-B127-769E52DBCC97}.Debug|Any CPU.Build.0 = Debug|Any CPU
		{A17C6110-DEB3-4F46-B127-769E52DBCC97}.Debug|x64.ActiveCfg = Debug|Any CPU
		{A17C6110-DEB3-4F46-B127-769E52DBCC97}.Debug|x64.Build.0 = Debug|Any CPU
		{A17C6110-DEB3-4F46-B127-769E52DBCC97}.Debug|x86.ActiveCfg = Debug|Any CPU
		{A17C6110-DEB3-4F46-B127-769E52DBCC97}.Debug|x86.Build.0 = Debug|Any CPU
		{A17C6110-DEB3-4F46-B127-769E52DBCC97}.Release|Any CPU.ActiveCfg = Release|Any CPU
		{A17C6110-DEB3-4F46-B127-769E52DBCC97}.Release|Any CPU.Build.0 = Release|Any CPU
		{A17C6110-DEB3-4F46-B127-769E52DBCC97}.Release|x64.ActiveCfg = Release|Any CPU
		{A17C6110-DEB3-4F46-B127-769E52DBCC97}.Release|x64.Build.0 = Release|Any CPU
		{A17C6110-DEB3-4F46-B127-769E52DBCC97}.Release|x86.ActiveCfg = Release|Any CPU
		{A17C6110-DEB3-4F46-B127-769E52DBCC97}.Release|x86.Build.0 = Release|Any CPU
		{2B139B71-333E-4FC9-BCFD-9B2CA5D458FE}.Debug|Any CPU.ActiveCfg = Debug|Any CPU
		{2B139B71-333E-4FC9-BCFD-9B2CA5D458FE}.Debug|Any CPU.Build.0 = Debug|Any CPU
		{2B139B71-333E-4FC9-BCFD-9B2CA5D458FE}.Debug|x64.ActiveCfg = Debug|Any CPU
		{2B139B71-333E-4FC9-BCFD-9B2CA5D458FE}.Debug|x64.Build.0 = Debug|Any CPU
		{2B139B71-333E-4FC9-BCFD-9B2CA5D458FE}.Debug|x86.ActiveCfg = Debug|Any CPU
		{2B139B71-333E-4FC9-BCFD-9B2CA5D458FE}.Debug|x86.Build.0 = Debug|Any CPU
		{2B139B71-333E-4FC9-BCFD-9B2CA5D458FE}.Release|Any CPU.ActiveCfg = Release|Any CPU
		{2B139B71-333E-4FC9-BCFD-9B2CA5D458FE}.Release|Any CPU.Build.0 = Release|Any CPU
		{2B139B71-333E-4FC9-BCFD-9B2CA5D458FE}.Release|x64.ActiveCfg = Release|Any CPU
		{2B139B71-333E-4FC9-BCFD-9B2CA5D458FE}.Release|x64.Build.0 = Release|Any CPU
		{2B139B71-333E-4FC9-BCFD-9B2CA5D458FE}.Release|x86.ActiveCfg = Release|Any CPU
		{2B139B71-333E-4FC9-BCFD-9B2CA5D458FE}.Release|x86.Build.0 = Release|Any CPU
		{82E8F91E-ECFB-46E2-A88F-D26815924024}.Debug|Any CPU.ActiveCfg = Debug|Any CPU
		{82E8F91E-ECFB-46E2-A88F-D26815924024}.Debug|Any CPU.Build.0 = Debug|Any CPU
		{82E8F91E-ECFB-46E2-A88F-D26815924024}.Debug|x64.ActiveCfg = Debug|Any CPU
		{82E8F91E-ECFB-46E2-A88F-D26815924024}.Debug|x64.Build.0 = Debug|Any CPU
		{82E8F91E-ECFB-46E2-A88F-D26815924024}.Debug|x86.ActiveCfg = Debug|Any CPU
		{82E8F91E-ECFB-46E2-A88F-D26815924024}.Debug|x86.Build.0 = Debug|Any CPU
		{82E8F91E-ECFB-46E2-A88F-D26815924024}.Release|Any CPU.ActiveCfg = Release|Any CPU
		{82E8F91E-ECFB-46E2-A88F-D26815924024}.Release|Any CPU.Build.0 = Release|Any CPU
		{82E8F91E-ECFB-46E2-A88F-D26815924024}.Release|x64.ActiveCfg = Release|Any CPU
		{82E8F91E-ECFB-46E2-A88F-D26815924024}.Release|x64.Build.0 = Release|Any CPU
		{82E8F91E-ECFB-46E2-A88F-D26815924024}.Release|x86.ActiveCfg = Release|Any CPU
		{82E8F91E-ECFB-46E2-A88F-D26815924024}.Release|x86.Build.0 = Release|Any CPU
	EndGlobalSection
	GlobalSection(SolutionProperties) = preSolution
		HideSolutionNode = FALSE
	EndGlobalSection
	GlobalSection(NestedProjects) = preSolution
		{C387FFF4-BE44-4EAA-B8A6-B55DF79851F9} = {827E0CD3-B72D-47B6-A68D-7590B98EB39B}
		{32B88371-3EC3-443F-8784-21BDB81C8FE2} = {827E0CD3-B72D-47B6-A68D-7590B98EB39B}
		{031D9115-3CDD-4BBF-9F58-65E999753F08} = {827E0CD3-B72D-47B6-A68D-7590B98EB39B}
		{697B76FF-8844-4453-84C3-5E000600D86F} = {827E0CD3-B72D-47B6-A68D-7590B98EB39B}
		{E302A5AB-E4D2-4059-9CC1-C676251124CF} = {827E0CD3-B72D-47B6-A68D-7590B98EB39B}
		{A17C6110-DEB3-4F46-B127-769E52DBCC97} = {0AB3BF05-4346-4AA6-1389-037BE0695223}
		{2B139B71-333E-4FC9-BCFD-9B2CA5D458FE} = {0AB3BF05-4346-4AA6-1389-037BE0695223}
		{82E8F91E-ECFB-46E2-A88F-D26815924024} = {827E0CD3-B72D-47B6-A68D-7590B98EB39B}
	EndGlobalSection
EndGlobal
